// !$*UTF8*$!
{
	archiveVersion = 1;
	classes = {
	};
	objectVersion = 63;
	objects = {

/* Begin PBXBuildFile section */
		2F0DA9652BE12EC800979111 /* RenfoApp.swift in Sources */ = {isa = PBXBuildFile; fileRef = 2F0DA9642BE12EC800979111 /* RenfoApp.swift */; };
		2F0DA9672BE12EC800979111 /* ContentView.swift in Sources */ = {isa = PBXBuildFile; fileRef = 2F0DA9662BE12EC800979111 /* ContentView.swift */; };
		2F0DA96B2BE12EC900979111 /* Assets.xcassets in Resources */ = {isa = PBXBuildFile; fileRef = 2F0DA96A2BE12EC900979111 /* Assets.xcassets */; };
		2F0DA96E2BE12EC900979111 /* Preview Assets.xcassets in Resources */ = {isa = PBXBuildFile; fileRef = 2F0DA96D2BE12EC900979111 /* Preview Assets.xcassets */; };
		2F0DA97C2BE1305100979111 /* CalendarView.swift in Sources */ = {isa = PBXBuildFile; fileRef = 2F0DA97B2BE1305100979111 /* CalendarView.swift */; };
		2F0DA97E2BE1305A00979111 /* SettingsView.swift in Sources */ = {isa = PBXBuildFile; fileRef = 2F0DA97D2BE1305A00979111 /* SettingsView.swift */; };
		2F0DA9802BE1394700979111 /* FestivalListView.swift in Sources */ = {isa = PBXBuildFile; fileRef = 2F0DA97F2BE1394700979111 /* FestivalListView.swift */; };
		2F1142442C19354800786406 /* URLImageView.swift in Sources */ = {isa = PBXBuildFile; fileRef = 2F1142432C19354200786406 /* URLImageView.swift */; };
		2F1142482C19EC5100786406 /* FirebaseStorageService.swift in Sources */ = {isa = PBXBuildFile; fileRef = 2F1142472C19EC4800786406 /* FirebaseStorageService.swift */; };
		2F11424A2C19F2D100786406 /* ImageCache.swift in Sources */ = {isa = PBXBuildFile; fileRef = 2F1142492C19F2D000786406 /* ImageCache.swift */; };
		2F11424C2C19F61500786406 /* UserDefaults.swift in Sources */ = {isa = PBXBuildFile; fileRef = 2F11424B2C19F61100786406 /* UserDefaults.swift */; };
		2F11AB952BFBF22B000451A4 /* FirebaseStorage in Frameworks */ = {isa = PBXBuildFile; productRef = 2F11AB942BFBF22B000451A4 /* FirebaseStorage */; };
		2F11AB972BFBF22B000451A4 /* FirebaseStorageCombine-Community in Frameworks */ = {isa = PBXBuildFile; productRef = 2F11AB962BFBF22B000451A4 /* FirebaseStorageCombine-Community */; };
		2F11AB9A2BFD0CEC000451A4 /* FirebaseFirestoreSwift in Frameworks */ = {isa = PBXBuildFile; productRef = 2F11AB992BFD0CEC000451A4 /* FirebaseFirestoreSwift */; };
		2F11AB9C2BFD1150000451A4 /* FestivalModel.swift in Sources */ = {isa = PBXBuildFile; fileRef = 2F11AB9B2BFD1150000451A4 /* FestivalModel.swift */; };
		2F11AB9E2BFD116A000451A4 /* FirestoreService.swift in Sources */ = {isa = PBXBuildFile; fileRef = 2F11AB9D2BFD116A000451A4 /* FirestoreService.swift */; };
		2F11ABA22BFE366F000451A4 /* VendorModel.swift in Sources */ = {isa = PBXBuildFile; fileRef = 2F11ABA12BFE366F000451A4 /* VendorModel.swift */; };
		2F11ABA62BFF9ED0000451A4 /* MailView.swift in Sources */ = {isa = PBXBuildFile; fileRef = 2F11ABA52BFF9ED0000451A4 /* MailView.swift */; };
		2F11ABA82BFFB37E000451A4 /* FestivalListViewModel.swift in Sources */ = {isa = PBXBuildFile; fileRef = 2F11ABA72BFFB37E000451A4 /* FestivalListViewModel.swift */; };
		2F11ABAB2BFFB95D000451A4 /* URLButton.swift in Sources */ = {isa = PBXBuildFile; fileRef = 2F11ABAA2BFFB95D000451A4 /* URLButton.swift */; };
		2F11ABAD2BFFB968000451A4 /* ImageViewer.swift in Sources */ = {isa = PBXBuildFile; fileRef = 2F11ABAC2BFFB968000451A4 /* ImageViewer.swift */; };
		2F11ABAF2BFFB974000451A4 /* ImagePicker.swift in Sources */ = {isa = PBXBuildFile; fileRef = 2F11ABAE2BFFB974000451A4 /* ImagePicker.swift */; };
		2F11ABB12BFFB97E000451A4 /* PulsingView.swift in Sources */ = {isa = PBXBuildFile; fileRef = 2F11ABB02BFFB97E000451A4 /* PulsingView.swift */; };
		2F11ABB32BFFB988000451A4 /* SafariView.swift in Sources */ = {isa = PBXBuildFile; fileRef = 2F11ABB22BFFB988000451A4 /* SafariView.swift */; };
		2F11ABB52BFFB991000451A4 /* DateExtensions.swift in Sources */ = {isa = PBXBuildFile; fileRef = 2F11ABB42BFFB991000451A4 /* DateExtensions.swift */; };
		2F11ABB92BFFBACC000451A4 /* DateUtils.swift in Sources */ = {isa = PBXBuildFile; fileRef = 2F11ABB82BFFBACC000451A4 /* DateUtils.swift */; };
		2F306BF42BEEEE7D000DD792 /* AuthenticationView.swift in Sources */ = {isa = PBXBuildFile; fileRef = 2F306BF32BEEEE7D000DD792 /* AuthenticationView.swift */; };
		2F306BF92BF1C25E000DD792 /* FestivalView.swift in Sources */ = {isa = PBXBuildFile; fileRef = 2F306BF82BF1C25E000DD792 /* FestivalView.swift */; };
		2F306BFD2BF1CA11000DD792 /* AboutView.swift in Sources */ = {isa = PBXBuildFile; fileRef = 2F306BFC2BF1CA11000DD792 /* AboutView.swift */; };
		2F4959652C1A175A00D44F1E /* Constants.swift in Sources */ = {isa = PBXBuildFile; fileRef = 2F4959642C1A175700D44F1E /* Constants.swift */; };
		2FB3A7612C092658005C9397 /* AppDelegate.swift in Sources */ = {isa = PBXBuildFile; fileRef = 2FB3A7602C092658005C9397 /* AppDelegate.swift */; };
		2FB3A7652C099049005C9397 /* MapView.swift in Sources */ = {isa = PBXBuildFile; fileRef = 2FB3A7642C099049005C9397 /* MapView.swift */; };
		2FB3A7672C0A3695005C9397 /* LocationManager.swift in Sources */ = {isa = PBXBuildFile; fileRef = 2FB3A7662C0A3695005C9397 /* LocationManager.swift */; };
		2FB642B52BFBB897002E8292 /* VendorView.swift in Sources */ = {isa = PBXBuildFile; fileRef = 2FB642B42BFBB897002E8292 /* VendorView.swift */; };
		2FB642B72BFBBCD4002E8292 /* VendorListView.swift in Sources */ = {isa = PBXBuildFile; fileRef = 2FB642B62BFBBCD4002E8292 /* VendorListView.swift */; };
		2FD89E122BFFF15C00DCE49D /* FestivalViewModel.swift in Sources */ = {isa = PBXBuildFile; fileRef = 2FD89E112BFFF15C00DCE49D /* FestivalViewModel.swift */; };
		2FDA01482BE5598A005495A5 /* BeanBandits.swift in Sources */ = {isa = PBXBuildFile; fileRef = 2FDA01472BE5598A005495A5 /* BeanBandits.swift */; };
		2FF147832BF7BFB3001CD1A9 /* ParticleView.swift in Sources */ = {isa = PBXBuildFile; fileRef = 2FF147822BF7BFB3001CD1A9 /* ParticleView.swift */; };
		2FF147852BF7D1B1001CD1A9 /* FestivalViewBackup.swift in Sources */ = {isa = PBXBuildFile; fileRef = 2FF147842BF7D1B1001CD1A9 /* FestivalViewBackup.swift */; };
		2FF991F02BE9397A00587C68 /* GoogleService-Info.plist in Resources */ = {isa = PBXBuildFile; fileRef = 2FF991EF2BE9397A00587C68 /* GoogleService-Info.plist */; };
		2FF991F32BE93B0900587C68 /* FirebaseAnalytics in Frameworks */ = {isa = PBXBuildFile; productRef = 2FF991F22BE93B0900587C68 /* FirebaseAnalytics */; };
		2FF991F72BE9488E00587C68 /* FirebaseAuth in Frameworks */ = {isa = PBXBuildFile; productRef = 2FF991F62BE9488E00587C68 /* FirebaseAuth */; };
		2FF991F92BE9488E00587C68 /* FirebaseFirestore in Frameworks */ = {isa = PBXBuildFile; productRef = 2FF991F82BE9488E00587C68 /* FirebaseFirestore */; };
		2FF991FB2BE9535E00587C68 /* AccountView.swift in Sources */ = {isa = PBXBuildFile; fileRef = 2FF991FA2BE9535E00587C68 /* AccountView.swift */; };
		2FF991FD2BE9631A00587C68 /* Test.swift in Sources */ = {isa = PBXBuildFile; fileRef = 2FF991FC2BE9631A00587C68 /* Test.swift */; };
/* End PBXBuildFile section */

/* Begin PBXFileReference section */
		2F0DA9612BE12EC800979111 /* Renfo.app */ = {isa = PBXFileReference; explicitFileType = wrapper.application; includeInIndex = 0; path = Renfo.app; sourceTree = BUILT_PRODUCTS_DIR; };
		2F0DA9642BE12EC800979111 /* RenfoApp.swift */ = {isa = PBXFileReference; lastKnownFileType = sourcecode.swift; path = RenfoApp.swift; sourceTree = "<group>"; };
		2F0DA9662BE12EC800979111 /* ContentView.swift */ = {isa = PBXFileReference; lastKnownFileType = sourcecode.swift; path = ContentView.swift; sourceTree = "<group>"; };
		2F0DA96A2BE12EC900979111 /* Assets.xcassets */ = {isa = PBXFileReference; lastKnownFileType = folder.assetcatalog; path = Assets.xcassets; sourceTree = "<group>"; };
		2F0DA96D2BE12EC900979111 /* Preview Assets.xcassets */ = {isa = PBXFileReference; lastKnownFileType = folder.assetcatalog; path = "Preview Assets.xcassets"; sourceTree = "<group>"; };
		2F0DA97B2BE1305100979111 /* CalendarView.swift */ = {isa = PBXFileReference; lastKnownFileType = sourcecode.swift; path = CalendarView.swift; sourceTree = "<group>"; };
		2F0DA97D2BE1305A00979111 /* SettingsView.swift */ = {isa = PBXFileReference; lastKnownFileType = sourcecode.swift; path = SettingsView.swift; sourceTree = "<group>"; };
		2F0DA97F2BE1394700979111 /* FestivalListView.swift */ = {isa = PBXFileReference; lastKnownFileType = sourcecode.swift; path = FestivalListView.swift; sourceTree = "<group>"; };
		2F1142432C19354200786406 /* URLImageView.swift */ = {isa = PBXFileReference; lastKnownFileType = sourcecode.swift; path = URLImageView.swift; sourceTree = "<group>"; };
		2F1142472C19EC4800786406 /* FirebaseStorageService.swift */ = {isa = PBXFileReference; lastKnownFileType = sourcecode.swift; path = FirebaseStorageService.swift; sourceTree = "<group>"; };
		2F1142492C19F2D000786406 /* ImageCache.swift */ = {isa = PBXFileReference; lastKnownFileType = sourcecode.swift; path = ImageCache.swift; sourceTree = "<group>"; };
		2F11424B2C19F61100786406 /* UserDefaults.swift */ = {isa = PBXFileReference; lastKnownFileType = sourcecode.swift; path = UserDefaults.swift; sourceTree = "<group>"; };
		2F11AB9B2BFD1150000451A4 /* FestivalModel.swift */ = {isa = PBXFileReference; lastKnownFileType = sourcecode.swift; path = FestivalModel.swift; sourceTree = "<group>"; };
		2F11AB9D2BFD116A000451A4 /* FirestoreService.swift */ = {isa = PBXFileReference; lastKnownFileType = sourcecode.swift; path = FirestoreService.swift; sourceTree = "<group>"; };
		2F11ABA12BFE366F000451A4 /* VendorModel.swift */ = {isa = PBXFileReference; lastKnownFileType = sourcecode.swift; path = VendorModel.swift; sourceTree = "<group>"; };
		2F11ABA52BFF9ED0000451A4 /* MailView.swift */ = {isa = PBXFileReference; lastKnownFileType = sourcecode.swift; path = MailView.swift; sourceTree = "<group>"; };
		2F11ABA72BFFB37E000451A4 /* FestivalListViewModel.swift */ = {isa = PBXFileReference; lastKnownFileType = sourcecode.swift; path = FestivalListViewModel.swift; sourceTree = "<group>"; };
		2F11ABAA2BFFB95D000451A4 /* URLButton.swift */ = {isa = PBXFileReference; lastKnownFileType = sourcecode.swift; path = URLButton.swift; sourceTree = "<group>"; };
		2F11ABAC2BFFB968000451A4 /* ImageViewer.swift */ = {isa = PBXFileReference; lastKnownFileType = sourcecode.swift; path = ImageViewer.swift; sourceTree = "<group>"; };
		2F11ABAE2BFFB974000451A4 /* ImagePicker.swift */ = {isa = PBXFileReference; lastKnownFileType = sourcecode.swift; path = ImagePicker.swift; sourceTree = "<group>"; };
		2F11ABB02BFFB97E000451A4 /* PulsingView.swift */ = {isa = PBXFileReference; lastKnownFileType = sourcecode.swift; path = PulsingView.swift; sourceTree = "<group>"; };
		2F11ABB22BFFB988000451A4 /* SafariView.swift */ = {isa = PBXFileReference; lastKnownFileType = sourcecode.swift; path = SafariView.swift; sourceTree = "<group>"; };
		2F11ABB42BFFB991000451A4 /* DateExtensions.swift */ = {isa = PBXFileReference; lastKnownFileType = sourcecode.swift; path = DateExtensions.swift; sourceTree = "<group>"; };
		2F11ABB82BFFBACC000451A4 /* DateUtils.swift */ = {isa = PBXFileReference; lastKnownFileType = sourcecode.swift; path = DateUtils.swift; sourceTree = "<group>"; };
		2F306BF32BEEEE7D000DD792 /* AuthenticationView.swift */ = {isa = PBXFileReference; lastKnownFileType = sourcecode.swift; path = AuthenticationView.swift; sourceTree = "<group>"; };
		2F306BF82BF1C25E000DD792 /* FestivalView.swift */ = {isa = PBXFileReference; lastKnownFileType = sourcecode.swift; path = FestivalView.swift; sourceTree = "<group>"; };
		2F306BFC2BF1CA11000DD792 /* AboutView.swift */ = {isa = PBXFileReference; lastKnownFileType = sourcecode.swift; path = AboutView.swift; sourceTree = "<group>"; };
		2F4959642C1A175700D44F1E /* Constants.swift */ = {isa = PBXFileReference; lastKnownFileType = sourcecode.swift; path = Constants.swift; sourceTree = "<group>"; };
		2F4E68352BEC15B400F86888 /* Renfo.entitlements */ = {isa = PBXFileReference; lastKnownFileType = text.plist.entitlements; path = Renfo.entitlements; sourceTree = "<group>"; };
		2FB3A7602C092658005C9397 /* AppDelegate.swift */ = {isa = PBXFileReference; lastKnownFileType = sourcecode.swift; path = AppDelegate.swift; sourceTree = "<group>"; };
		2FB3A7642C099049005C9397 /* MapView.swift */ = {isa = PBXFileReference; lastKnownFileType = sourcecode.swift; path = MapView.swift; sourceTree = "<group>"; };
		2FB3A7662C0A3695005C9397 /* LocationManager.swift */ = {isa = PBXFileReference; lastKnownFileType = sourcecode.swift; path = LocationManager.swift; sourceTree = "<group>"; };
		2FB642B42BFBB897002E8292 /* VendorView.swift */ = {isa = PBXFileReference; lastKnownFileType = sourcecode.swift; path = VendorView.swift; sourceTree = "<group>"; };
		2FB642B62BFBBCD4002E8292 /* VendorListView.swift */ = {isa = PBXFileReference; lastKnownFileType = sourcecode.swift; path = VendorListView.swift; sourceTree = "<group>"; };
		2FD89E112BFFF15C00DCE49D /* FestivalViewModel.swift */ = {isa = PBXFileReference; lastKnownFileType = sourcecode.swift; path = FestivalViewModel.swift; sourceTree = "<group>"; };
		2FDA01472BE5598A005495A5 /* BeanBandits.swift */ = {isa = PBXFileReference; lastKnownFileType = sourcecode.swift; path = BeanBandits.swift; sourceTree = "<group>"; };
		2FF147822BF7BFB3001CD1A9 /* ParticleView.swift */ = {isa = PBXFileReference; lastKnownFileType = sourcecode.swift; path = ParticleView.swift; sourceTree = "<group>"; };
		2FF147842BF7D1B1001CD1A9 /* FestivalViewBackup.swift */ = {isa = PBXFileReference; lastKnownFileType = sourcecode.swift; path = FestivalViewBackup.swift; sourceTree = "<group>"; };
		2FF991EF2BE9397A00587C68 /* GoogleService-Info.plist */ = {isa = PBXFileReference; fileEncoding = 4; lastKnownFileType = text.plist.xml; path = "GoogleService-Info.plist"; sourceTree = "<group>"; };
		2FF991FA2BE9535E00587C68 /* AccountView.swift */ = {isa = PBXFileReference; lastKnownFileType = sourcecode.swift; path = AccountView.swift; sourceTree = "<group>"; };
		2FF991FC2BE9631A00587C68 /* Test.swift */ = {isa = PBXFileReference; lastKnownFileType = sourcecode.swift; path = Test.swift; sourceTree = "<group>"; };
/* End PBXFileReference section */

/* Begin PBXFrameworksBuildPhase section */
		2F0DA95E2BE12EC800979111 /* Frameworks */ = {
			isa = PBXFrameworksBuildPhase;
			buildActionMask = 2147483647;
			files = (
				2FF991F32BE93B0900587C68 /* FirebaseAnalytics in Frameworks */,
				2FF991F72BE9488E00587C68 /* FirebaseAuth in Frameworks */,
				2FF991F92BE9488E00587C68 /* FirebaseFirestore in Frameworks */,
				2F11AB9A2BFD0CEC000451A4 /* FirebaseFirestoreSwift in Frameworks */,
				2F11AB952BFBF22B000451A4 /* FirebaseStorage in Frameworks */,
				2F11AB972BFBF22B000451A4 /* FirebaseStorageCombine-Community in Frameworks */,
			);
			runOnlyForDeploymentPostprocessing = 0;
		};
/* End PBXFrameworksBuildPhase section */

/* Begin PBXGroup section */
		2F0DA9582BE12EC800979111 = {
			isa = PBXGroup;
			children = (
				2F0DA9632BE12EC800979111 /* Renfo */,
				2F0DA9622BE12EC800979111 /* Products */,
			);
			sourceTree = "<group>";
		};
		2F0DA9622BE12EC800979111 /* Products */ = {
			isa = PBXGroup;
			children = (
				2F0DA9612BE12EC800979111 /* Renfo.app */,
			);
			name = Products;
			sourceTree = "<group>";
		};
		2F0DA9632BE12EC800979111 /* Renfo */ = {
			isa = PBXGroup;
			children = (
				2F4E68352BEC15B400F86888 /* Renfo.entitlements */,
				2F11ABC22BFFBED8000451A4 /* App */,
				2FB3A7552C07C7FC005C9397 /* Features */,
				2FF1477F2BF67223001CD1A9 /* Data */,
				2F11ABA92BFFB945000451A4 /* Utilities */,
				2F11ABC32BFFBF0D000451A4 /* Resources */,
				2F0DA96C2BE12EC900979111 /* Preview Content */,
				2F306BF52BF08EFF000DD792 /* Archive */,
			);
			path = Renfo;
			sourceTree = "<group>";
		};
		2F0DA96C2BE12EC900979111 /* Preview Content */ = {
			isa = PBXGroup;
			children = (
				2F0DA96D2BE12EC900979111 /* Preview Assets.xcassets */,
			);
			path = "Preview Content";
			sourceTree = "<group>";
		};
		2F0DA9742BE12F0300979111 /* Home */ = {
			isa = PBXGroup;
			children = (
				2F11ABBC2BFFBB95000451A4 /* Views */,
				2F11ABBD2BFFBB9C000451A4 /* ViewModels */,
			);
			path = Home;
			sourceTree = "<group>";
		};
		2F11ABA92BFFB945000451A4 /* Utilities */ = {
			isa = PBXGroup;
			children = (
				2FB3A7562C07C972005C9397 /* Extensions */,
				2FB3A7572C07C97B005C9397 /* Helpers */,
				2F11ABB82BFFBACC000451A4 /* DateUtils.swift */,
			);
			path = Utilities;
			sourceTree = "<group>";
		};
		2F11ABBA2BFFBB6A000451A4 /* Models */ = {
			isa = PBXGroup;
			children = (
				2F11AB9B2BFD1150000451A4 /* FestivalModel.swift */,
				2F11ABA12BFE366F000451A4 /* VendorModel.swift */,
			);
			path = Models;
			sourceTree = "<group>";
		};
		2F11ABBB2BFFBB72000451A4 /* Services */ = {
			isa = PBXGroup;
			children = (
				2F11AB9D2BFD116A000451A4 /* FirestoreService.swift */,
			);
			path = Services;
			sourceTree = "<group>";
		};
		2F11ABBC2BFFBB95000451A4 /* Views */ = {
			isa = PBXGroup;
			children = (
				2F0DA97F2BE1394700979111 /* FestivalListView.swift */,
				2F306BF82BF1C25E000DD792 /* FestivalView.swift */,
				2FB642B62BFBBCD4002E8292 /* VendorListView.swift */,
				2FB642B42BFBB897002E8292 /* VendorView.swift */,
			);
			path = Views;
			sourceTree = "<group>";
		};
		2F11ABBD2BFFBB9C000451A4 /* ViewModels */ = {
			isa = PBXGroup;
			children = (
				2F11ABA72BFFB37E000451A4 /* FestivalListViewModel.swift */,
				2FD89E112BFFF15C00DCE49D /* FestivalViewModel.swift */,
			);
			path = ViewModels;
			sourceTree = "<group>";
		};
		2F11ABBE2BFFBBDA000451A4 /* Views */ = {
			isa = PBXGroup;
			children = (
				2F0DA97B2BE1305100979111 /* CalendarView.swift */,
			);
			path = Views;
			sourceTree = "<group>";
		};
		2F11ABBF2BFFBBE4000451A4 /* ViewModels */ = {
			isa = PBXGroup;
			children = (
			);
			path = ViewModels;
			sourceTree = "<group>";
		};
		2F11ABC02BFFBBF2000451A4 /* Views */ = {
			isa = PBXGroup;
			children = (
				2F0DA97D2BE1305A00979111 /* SettingsView.swift */,
				2F306BF32BEEEE7D000DD792 /* AuthenticationView.swift */,
				2FF991FA2BE9535E00587C68 /* AccountView.swift */,
				2F306BFC2BF1CA11000DD792 /* AboutView.swift */,
				2FDA01472BE5598A005495A5 /* BeanBandits.swift */,
			);
			path = Views;
			sourceTree = "<group>";
		};
		2F11ABC12BFFBBF8000451A4 /* ViewModels */ = {
			isa = PBXGroup;
			children = (
			);
			path = ViewModels;
			sourceTree = "<group>";
		};
		2F11ABC22BFFBED8000451A4 /* App */ = {
			isa = PBXGroup;
			children = (
				2F0DA9642BE12EC800979111 /* RenfoApp.swift */,
				2FB3A7602C092658005C9397 /* AppDelegate.swift */,
				2F0DA9662BE12EC800979111 /* ContentView.swift */,
			);
			path = App;
			sourceTree = "<group>";
		};
		2F11ABC32BFFBF0D000451A4 /* Resources */ = {
			isa = PBXGroup;
			children = (
				2F0DA96A2BE12EC900979111 /* Assets.xcassets */,
				2FF991EF2BE9397A00587C68 /* GoogleService-Info.plist */,
			);
			path = Resources;
			sourceTree = "<group>";
		};
		2F306BF52BF08EFF000DD792 /* Archive */ = {
			isa = PBXGroup;
			children = (
				2F306BFB2BF1C97B000DD792 /* Calendar */,
				2FF147842BF7D1B1001CD1A9 /* FestivalViewBackup.swift */,
				2FF991FC2BE9631A00587C68 /* Test.swift */,
				2F1142472C19EC4800786406 /* FirebaseStorageService.swift */,
				2F11424B2C19F61100786406 /* UserDefaults.swift */,
				2F1142492C19F2D000786406 /* ImageCache.swift */,
				2F1142432C19354200786406 /* URLImageView.swift */,
				2F4959642C1A175700D44F1E /* Constants.swift */,
			);
			path = Archive;
			sourceTree = "<group>";
		};
		2F306BFA2BF1C930000DD792 /* Settings */ = {
			isa = PBXGroup;
			children = (
				2F11ABC02BFFBBF2000451A4 /* Views */,
				2F11ABC12BFFBBF8000451A4 /* ViewModels */,
			);
			path = Settings;
			sourceTree = "<group>";
		};
		2F306BFB2BF1C97B000DD792 /* Calendar */ = {
			isa = PBXGroup;
			children = (
				2F11ABBE2BFFBBDA000451A4 /* Views */,
				2F11ABBF2BFFBBE4000451A4 /* ViewModels */,
			);
			path = Calendar;
			sourceTree = "<group>";
		};
		2FB3A7552C07C7FC005C9397 /* Features */ = {
			isa = PBXGroup;
			children = (
				2F0DA9742BE12F0300979111 /* Home */,
				2FD89E132C00F8FD00DCE49D /* Map */,
				2F306BFA2BF1C930000DD792 /* Settings */,
			);
			path = Features;
			sourceTree = "<group>";
		};
		2FB3A7562C07C972005C9397 /* Extensions */ = {
			isa = PBXGroup;
			children = (
				2F11ABB42BFFB991000451A4 /* DateExtensions.swift */,
			);
			path = Extensions;
			sourceTree = "<group>";
		};
		2FB3A7572C07C97B005C9397 /* Helpers */ = {
			isa = PBXGroup;
			children = (
				2F11ABAA2BFFB95D000451A4 /* URLButton.swift */,
				2F11ABAC2BFFB968000451A4 /* ImageViewer.swift */,
				2F11ABAE2BFFB974000451A4 /* ImagePicker.swift */,
				2F11ABA52BFF9ED0000451A4 /* MailView.swift */,
				2FF147822BF7BFB3001CD1A9 /* ParticleView.swift */,
				2F11ABB02BFFB97E000451A4 /* PulsingView.swift */,
				2F11ABB22BFFB988000451A4 /* SafariView.swift */,
			);
			path = Helpers;
			sourceTree = "<group>";
		};
		2FD89E132C00F8FD00DCE49D /* Map */ = {
			isa = PBXGroup;
			children = (
				2FB3A7642C099049005C9397 /* MapView.swift */,
				2FB3A7662C0A3695005C9397 /* LocationManager.swift */,
			);
			path = Map;
			sourceTree = "<group>";
		};
		2FF1477F2BF67223001CD1A9 /* Data */ = {
			isa = PBXGroup;
			children = (
				2F11ABBA2BFFBB6A000451A4 /* Models */,
				2F11ABBB2BFFBB72000451A4 /* Services */,
			);
			path = Data;
			sourceTree = "<group>";
		};
/* End PBXGroup section */

/* Begin PBXNativeTarget section */
		2F0DA9602BE12EC800979111 /* Renfo */ = {
			isa = PBXNativeTarget;
			buildConfigurationList = 2F0DA9712BE12EC900979111 /* Build configuration list for PBXNativeTarget "Renfo" */;
			buildPhases = (
				2F0DA95D2BE12EC800979111 /* Sources */,
				2F0DA95E2BE12EC800979111 /* Frameworks */,
				2F0DA95F2BE12EC800979111 /* Resources */,
			);
			buildRules = (
			);
			dependencies = (
			);
			name = Renfo;
			packageProductDependencies = (
				2FF991F22BE93B0900587C68 /* FirebaseAnalytics */,
				2FF991F62BE9488E00587C68 /* FirebaseAuth */,
				2FF991F82BE9488E00587C68 /* FirebaseFirestore */,
				2F11AB942BFBF22B000451A4 /* FirebaseStorage */,
				2F11AB962BFBF22B000451A4 /* FirebaseStorageCombine-Community */,
				2F11AB992BFD0CEC000451A4 /* FirebaseFirestoreSwift */,
			);
			productName = Renfo;
			productReference = 2F0DA9612BE12EC800979111 /* Renfo.app */;
			productType = "com.apple.product-type.application";
		};
/* End PBXNativeTarget section */

/* Begin PBXProject section */
		2F0DA9592BE12EC800979111 /* Project object */ = {
			isa = PBXProject;
			attributes = {
				BuildIndependentTargetsInParallel = 1;
				LastSwiftUpdateCheck = 1530;
				LastUpgradeCheck = 1530;
				TargetAttributes = {
					2F0DA9602BE12EC800979111 = {
						CreatedOnToolsVersion = 15.3;
					};
				};
			};
			buildConfigurationList = 2F0DA95C2BE12EC800979111 /* Build configuration list for PBXProject "Renfo" */;
			compatibilityVersion = "Xcode 15.3";
			developmentRegion = en;
			hasScannedForEncodings = 0;
			knownRegions = (
				en,
				Base,
			);
			mainGroup = 2F0DA9582BE12EC800979111;
			packageReferences = (
				2FF991F12BE93B0900587C68 /* XCRemoteSwiftPackageReference "firebase-ios-sdk" */,
			);
			productRefGroup = 2F0DA9622BE12EC800979111 /* Products */;
			projectDirPath = "";
			projectRoot = "";
			targets = (
				2F0DA9602BE12EC800979111 /* Renfo */,
			);
		};
/* End PBXProject section */

/* Begin PBXResourcesBuildPhase section */
		2F0DA95F2BE12EC800979111 /* Resources */ = {
			isa = PBXResourcesBuildPhase;
			buildActionMask = 2147483647;
			files = (
				2F0DA96E2BE12EC900979111 /* Preview Assets.xcassets in Resources */,
				2F0DA96B2BE12EC900979111 /* Assets.xcassets in Resources */,
				2FF991F02BE9397A00587C68 /* GoogleService-Info.plist in Resources */,
			);
			runOnlyForDeploymentPostprocessing = 0;
		};
/* End PBXResourcesBuildPhase section */

/* Begin PBXSourcesBuildPhase section */
		2F0DA95D2BE12EC800979111 /* Sources */ = {
			isa = PBXSourcesBuildPhase;
			buildActionMask = 2147483647;
			files = (
				2FD89E122BFFF15C00DCE49D /* FestivalViewModel.swift in Sources */,
				2F11ABAD2BFFB968000451A4 /* ImageViewer.swift in Sources */,
				2F11ABB32BFFB988000451A4 /* SafariView.swift in Sources */,
				2F0DA9672BE12EC800979111 /* ContentView.swift in Sources */,
				2FB642B72BFBBCD4002E8292 /* VendorListView.swift in Sources */,
				2F11424A2C19F2D100786406 /* ImageCache.swift in Sources */,
				2F306BFD2BF1CA11000DD792 /* AboutView.swift in Sources */,
				2FB3A7652C099049005C9397 /* MapView.swift in Sources */,
				2F11ABB92BFFBACC000451A4 /* DateUtils.swift in Sources */,
				2F11AB9E2BFD116A000451A4 /* FirestoreService.swift in Sources */,
				2F11AB9C2BFD1150000451A4 /* FestivalModel.swift in Sources */,
				2F11ABB12BFFB97E000451A4 /* PulsingView.swift in Sources */,
				2FF147832BF7BFB3001CD1A9 /* ParticleView.swift in Sources */,
				2F11ABA82BFFB37E000451A4 /* FestivalListViewModel.swift in Sources */,
				2FDA01482BE5598A005495A5 /* BeanBandits.swift in Sources */,
				2F1142482C19EC5100786406 /* FirebaseStorageService.swift in Sources */,
				2F0DA9802BE1394700979111 /* FestivalListView.swift in Sources */,
				2FB3A7612C092658005C9397 /* AppDelegate.swift in Sources */,
				2F0DA97C2BE1305100979111 /* CalendarView.swift in Sources */,
				2F306BF92BF1C25E000DD792 /* FestivalView.swift in Sources */,
				2F1142442C19354800786406 /* URLImageView.swift in Sources */,
				2F11ABA22BFE366F000451A4 /* VendorModel.swift in Sources */,
				2F11ABAB2BFFB95D000451A4 /* URLButton.swift in Sources */,
				2F0DA97E2BE1305A00979111 /* SettingsView.swift in Sources */,
				2FB642B52BFBB897002E8292 /* VendorView.swift in Sources */,
				2F11ABAF2BFFB974000451A4 /* ImagePicker.swift in Sources */,
				2FF147852BF7D1B1001CD1A9 /* FestivalViewBackup.swift in Sources */,
				2F306BF42BEEEE7D000DD792 /* AuthenticationView.swift in Sources */,
				2FF991FD2BE9631A00587C68 /* Test.swift in Sources */,
				2FF991FB2BE9535E00587C68 /* AccountView.swift in Sources */,
				2F11ABB52BFFB991000451A4 /* DateExtensions.swift in Sources */,
				2F11424C2C19F61500786406 /* UserDefaults.swift in Sources */,
				2F11ABA62BFF9ED0000451A4 /* MailView.swift in Sources */,
				2FB3A7672C0A3695005C9397 /* LocationManager.swift in Sources */,
				2F4959652C1A175A00D44F1E /* Constants.swift in Sources */,
				2F0DA9652BE12EC800979111 /* RenfoApp.swift in Sources */,
			);
			runOnlyForDeploymentPostprocessing = 0;
		};
/* End PBXSourcesBuildPhase section */

/* Begin XCBuildConfiguration section */
		2F0DA96F2BE12EC900979111 /* Debug */ = {
			isa = XCBuildConfiguration;
			buildSettings = {
				ALWAYS_SEARCH_USER_PATHS = NO;
				ASSETCATALOG_COMPILER_GENERATE_SWIFT_ASSET_SYMBOL_EXTENSIONS = YES;
				CLANG_ANALYZER_NONNULL = YES;
				CLANG_ANALYZER_NUMBER_OBJECT_CONVERSION = YES_AGGRESSIVE;
				CLANG_CXX_LANGUAGE_STANDARD = "gnu++20";
				CLANG_ENABLE_MODULES = YES;
				CLANG_ENABLE_OBJC_ARC = YES;
				CLANG_ENABLE_OBJC_WEAK = YES;
				CLANG_WARN_BLOCK_CAPTURE_AUTORELEASING = YES;
				CLANG_WARN_BOOL_CONVERSION = YES;
				CLANG_WARN_COMMA = YES;
				CLANG_WARN_CONSTANT_CONVERSION = YES;
				CLANG_WARN_DEPRECATED_OBJC_IMPLEMENTATIONS = YES;
				CLANG_WARN_DIRECT_OBJC_ISA_USAGE = YES_ERROR;
				CLANG_WARN_DOCUMENTATION_COMMENTS = YES;
				CLANG_WARN_EMPTY_BODY = YES;
				CLANG_WARN_ENUM_CONVERSION = YES;
				CLANG_WARN_INFINITE_RECURSION = YES;
				CLANG_WARN_INT_CONVERSION = YES;
				CLANG_WARN_NON_LITERAL_NULL_CONVERSION = YES;
				CLANG_WARN_OBJC_IMPLICIT_RETAIN_SELF = YES;
				CLANG_WARN_OBJC_LITERAL_CONVERSION = YES;
				CLANG_WARN_OBJC_ROOT_CLASS = YES_ERROR;
				CLANG_WARN_QUOTED_INCLUDE_IN_FRAMEWORK_HEADER = YES;
				CLANG_WARN_RANGE_LOOP_ANALYSIS = YES;
				CLANG_WARN_STRICT_PROTOTYPES = YES;
				CLANG_WARN_SUSPICIOUS_MOVE = YES;
				CLANG_WARN_UNGUARDED_AVAILABILITY = YES_AGGRESSIVE;
				CLANG_WARN_UNREACHABLE_CODE = YES;
				CLANG_WARN__DUPLICATE_METHOD_MATCH = YES;
				COPY_PHASE_STRIP = NO;
				DEBUG_INFORMATION_FORMAT = dwarf;
				ENABLE_STRICT_OBJC_MSGSEND = YES;
				ENABLE_TESTABILITY = YES;
				ENABLE_USER_SCRIPT_SANDBOXING = YES;
				GCC_C_LANGUAGE_STANDARD = gnu17;
				GCC_DYNAMIC_NO_PIC = NO;
				GCC_NO_COMMON_BLOCKS = YES;
				GCC_OPTIMIZATION_LEVEL = 0;
				GCC_PREPROCESSOR_DEFINITIONS = (
					"DEBUG=1",
					"$(inherited)",
				);
				GCC_WARN_64_TO_32_BIT_CONVERSION = YES;
				GCC_WARN_ABOUT_RETURN_TYPE = YES_ERROR;
				GCC_WARN_UNDECLARED_SELECTOR = YES;
				GCC_WARN_UNINITIALIZED_AUTOS = YES_AGGRESSIVE;
				GCC_WARN_UNUSED_FUNCTION = YES;
				GCC_WARN_UNUSED_VARIABLE = YES;
				IPHONEOS_DEPLOYMENT_TARGET = 17.4;
				LOCALIZATION_PREFERS_STRING_CATALOGS = YES;
				MTL_ENABLE_DEBUG_INFO = INCLUDE_SOURCE;
				MTL_FAST_MATH = YES;
				ONLY_ACTIVE_ARCH = YES;
				SDKROOT = iphoneos;
				SWIFT_ACTIVE_COMPILATION_CONDITIONS = "DEBUG $(inherited)";
				SWIFT_OPTIMIZATION_LEVEL = "-Onone";
			};
			name = Debug;
		};
		2F0DA9702BE12EC900979111 /* Release */ = {
			isa = XCBuildConfiguration;
			buildSettings = {
				ALWAYS_SEARCH_USER_PATHS = NO;
				ASSETCATALOG_COMPILER_GENERATE_SWIFT_ASSET_SYMBOL_EXTENSIONS = YES;
				CLANG_ANALYZER_NONNULL = YES;
				CLANG_ANALYZER_NUMBER_OBJECT_CONVERSION = YES_AGGRESSIVE;
				CLANG_CXX_LANGUAGE_STANDARD = "gnu++20";
				CLANG_ENABLE_MODULES = YES;
				CLANG_ENABLE_OBJC_ARC = YES;
				CLANG_ENABLE_OBJC_WEAK = YES;
				CLANG_WARN_BLOCK_CAPTURE_AUTORELEASING = YES;
				CLANG_WARN_BOOL_CONVERSION = YES;
				CLANG_WARN_COMMA = YES;
				CLANG_WARN_CONSTANT_CONVERSION = YES;
				CLANG_WARN_DEPRECATED_OBJC_IMPLEMENTATIONS = YES;
				CLANG_WARN_DIRECT_OBJC_ISA_USAGE = YES_ERROR;
				CLANG_WARN_DOCUMENTATION_COMMENTS = YES;
				CLANG_WARN_EMPTY_BODY = YES;
				CLANG_WARN_ENUM_CONVERSION = YES;
				CLANG_WARN_INFINITE_RECURSION = YES;
				CLANG_WARN_INT_CONVERSION = YES;
				CLANG_WARN_NON_LITERAL_NULL_CONVERSION = YES;
				CLANG_WARN_OBJC_IMPLICIT_RETAIN_SELF = YES;
				CLANG_WARN_OBJC_LITERAL_CONVERSION = YES;
				CLANG_WARN_OBJC_ROOT_CLASS = YES_ERROR;
				CLANG_WARN_QUOTED_INCLUDE_IN_FRAMEWORK_HEADER = YES;
				CLANG_WARN_RANGE_LOOP_ANALYSIS = YES;
				CLANG_WARN_STRICT_PROTOTYPES = YES;
				CLANG_WARN_SUSPICIOUS_MOVE = YES;
				CLANG_WARN_UNGUARDED_AVAILABILITY = YES_AGGRESSIVE;
				CLANG_WARN_UNREACHABLE_CODE = YES;
				CLANG_WARN__DUPLICATE_METHOD_MATCH = YES;
				COPY_PHASE_STRIP = NO;
				DEBUG_INFORMATION_FORMAT = "dwarf-with-dsym";
				ENABLE_NS_ASSERTIONS = NO;
				ENABLE_STRICT_OBJC_MSGSEND = YES;
				ENABLE_USER_SCRIPT_SANDBOXING = YES;
				GCC_C_LANGUAGE_STANDARD = gnu17;
				GCC_NO_COMMON_BLOCKS = YES;
				GCC_WARN_64_TO_32_BIT_CONVERSION = YES;
				GCC_WARN_ABOUT_RETURN_TYPE = YES_ERROR;
				GCC_WARN_UNDECLARED_SELECTOR = YES;
				GCC_WARN_UNINITIALIZED_AUTOS = YES_AGGRESSIVE;
				GCC_WARN_UNUSED_FUNCTION = YES;
				GCC_WARN_UNUSED_VARIABLE = YES;
				IPHONEOS_DEPLOYMENT_TARGET = 17.4;
				LOCALIZATION_PREFERS_STRING_CATALOGS = YES;
				MTL_ENABLE_DEBUG_INFO = NO;
				MTL_FAST_MATH = YES;
				SDKROOT = iphoneos;
				SWIFT_COMPILATION_MODE = wholemodule;
				VALIDATE_PRODUCT = YES;
			};
			name = Release;
		};
		2F0DA9722BE12EC900979111 /* Debug */ = {
			isa = XCBuildConfiguration;
			buildSettings = {
				ASSETCATALOG_COMPILER_APPICON_NAME = AppIcon;
				ASSETCATALOG_COMPILER_GLOBAL_ACCENT_COLOR_NAME = AccentColor;
				ASSETCATALOG_COMPILER_INCLUDE_ALL_APPICON_ASSETS = YES;
				CODE_SIGN_ENTITLEMENTS = Renfo/Renfo.entitlements;
				CODE_SIGN_STYLE = Automatic;
				CURRENT_PROJECT_VERSION = 1;
				DEVELOPMENT_ASSET_PATHS = "\"Renfo/Preview Content\"";
				DEVELOPMENT_TEAM = XKQ424HQ33;
				ENABLE_PREVIEWS = YES;
				ENABLE_USER_SCRIPT_SANDBOXING = YES;
				GENERATE_INFOPLIST_FILE = YES;
				INFOPLIST_FILE = Info.plist;
				INFOPLIST_KEY_CFBundleDisplayName = Renfo;
				INFOPLIST_KEY_LSApplicationCategoryType = "public.app-category.reference";
				INFOPLIST_KEY_NSLocationWhenInUseUsageDescription = "We need your location to show you nearby festivals.";
				INFOPLIST_KEY_UIApplicationSceneManifest_Generation = YES;
				INFOPLIST_KEY_UIApplicationSupportsIndirectInputEvents = YES;
				INFOPLIST_KEY_UILaunchScreen_Generation = YES;
				INFOPLIST_KEY_UISupportedInterfaceOrientations_iPad = "UIInterfaceOrientationPortrait UIInterfaceOrientationPortraitUpsideDown UIInterfaceOrientationLandscapeLeft UIInterfaceOrientationLandscapeRight";
				INFOPLIST_KEY_UISupportedInterfaceOrientations_iPhone = "UIInterfaceOrientationPortrait UIInterfaceOrientationLandscapeLeft UIInterfaceOrientationLandscapeRight";
				IPHONEOS_DEPLOYMENT_TARGET = 17.4;
				LD_RUNPATH_SEARCH_PATHS = (
					"$(inherited)",
					"@executable_path/Frameworks",
				);
				MARKETING_VERSION = 1.0;
				PRODUCT_BUNDLE_IDENTIFIER = com.tyler.Renfo;
				PRODUCT_NAME = "$(TARGET_NAME)";
				SUPPORTED_PLATFORMS = "iphoneos iphonesimulator";
				SUPPORTS_MACCATALYST = NO;
				SUPPORTS_XR_DESIGNED_FOR_IPHONE_IPAD = NO;
				SWIFT_EMIT_LOC_STRINGS = YES;
				SWIFT_VERSION = 5.0;
				TARGETED_DEVICE_FAMILY = "1,2";
			};
			name = Debug;
		};
		2F0DA9732BE12EC900979111 /* Release */ = {
			isa = XCBuildConfiguration;
			buildSettings = {
				ASSETCATALOG_COMPILER_APPICON_NAME = AppIcon;
				ASSETCATALOG_COMPILER_GLOBAL_ACCENT_COLOR_NAME = AccentColor;
				ASSETCATALOG_COMPILER_INCLUDE_ALL_APPICON_ASSETS = YES;
				CODE_SIGN_ENTITLEMENTS = Renfo/Renfo.entitlements;
				CODE_SIGN_STYLE = Automatic;
				CURRENT_PROJECT_VERSION = 1;
				DEVELOPMENT_ASSET_PATHS = "\"Renfo/Preview Content\"";
				DEVELOPMENT_TEAM = XKQ424HQ33;
				ENABLE_PREVIEWS = YES;
				ENABLE_USER_SCRIPT_SANDBOXING = YES;
				GENERATE_INFOPLIST_FILE = YES;
				INFOPLIST_FILE = Info.plist;
				INFOPLIST_KEY_CFBundleDisplayName = Renfo;
				INFOPLIST_KEY_LSApplicationCategoryType = "public.app-category.reference";
				INFOPLIST_KEY_NSLocationWhenInUseUsageDescription = "We need your location to show you nearby festivals.";
				INFOPLIST_KEY_UIApplicationSceneManifest_Generation = YES;
				INFOPLIST_KEY_UIApplicationSupportsIndirectInputEvents = YES;
				INFOPLIST_KEY_UILaunchScreen_Generation = YES;
				INFOPLIST_KEY_UISupportedInterfaceOrientations_iPad = "UIInterfaceOrientationPortrait UIInterfaceOrientationPortraitUpsideDown UIInterfaceOrientationLandscapeLeft UIInterfaceOrientationLandscapeRight";
				INFOPLIST_KEY_UISupportedInterfaceOrientations_iPhone = "UIInterfaceOrientationPortrait UIInterfaceOrientationLandscapeLeft UIInterfaceOrientationLandscapeRight";
				IPHONEOS_DEPLOYMENT_TARGET = 17.4;
				LD_RUNPATH_SEARCH_PATHS = (
					"$(inherited)",
					"@executable_path/Frameworks",
				);
				MARKETING_VERSION = 1.0;
				PRODUCT_BUNDLE_IDENTIFIER = com.tyler.Renfo;
				PRODUCT_NAME = "$(TARGET_NAME)";
				SUPPORTED_PLATFORMS = "iphoneos iphonesimulator";
				SUPPORTS_MACCATALYST = NO;
				SUPPORTS_XR_DESIGNED_FOR_IPHONE_IPAD = NO;
				SWIFT_EMIT_LOC_STRINGS = YES;
				SWIFT_VERSION = 5.0;
				TARGETED_DEVICE_FAMILY = "1,2";
			};
			name = Release;
		};
/* End XCBuildConfiguration section */

/* Begin XCConfigurationList section */
		2F0DA95C2BE12EC800979111 /* Build configuration list for PBXProject "Renfo" */ = {
			isa = XCConfigurationList;
			buildConfigurations = (
				2F0DA96F2BE12EC900979111 /* Debug */,
				2F0DA9702BE12EC900979111 /* Release */,
			);
			defaultConfigurationIsVisible = 0;
			defaultConfigurationName = Release;
		};
		2F0DA9712BE12EC900979111 /* Build configuration list for PBXNativeTarget "Renfo" */ = {
			isa = XCConfigurationList;
			buildConfigurations = (
				2F0DA9722BE12EC900979111 /* Debug */,
				2F0DA9732BE12EC900979111 /* Release */,
			);
			defaultConfigurationIsVisible = 0;
			defaultConfigurationName = Release;
		};
/* End XCConfigurationList section */

/* Begin XCRemoteSwiftPackageReference section */
		2FF991F12BE93B0900587C68 /* XCRemoteSwiftPackageReference "firebase-ios-sdk" */ = {
			isa = XCRemoteSwiftPackageReference;
			repositoryURL = "https://github.com/firebase/firebase-ios-sdk";
			requirement = {
				kind = upToNextMajorVersion;
				minimumVersion = 10.25.0;
			};
		};
/* End XCRemoteSwiftPackageReference section */

/* Begin XCSwiftPackageProductDependency section */
		2F11AB942BFBF22B000451A4 /* FirebaseStorage */ = {
			isa = XCSwiftPackageProductDependency;
			package = 2FF991F12BE93B0900587C68 /* XCRemoteSwiftPackageReference "firebase-ios-sdk" */;
			productName = FirebaseStorage;
		};
		2F11AB962BFBF22B000451A4 /* FirebaseStorageCombine-Community */ = {
			isa = XCSwiftPackageProductDependency;
			package = 2FF991F12BE93B0900587C68 /* XCRemoteSwiftPackageReference "firebase-ios-sdk" */;
			productName = "FirebaseStorageCombine-Community";
		};
		2F11AB992BFD0CEC000451A4 /* FirebaseFirestoreSwift */ = {
			isa = XCSwiftPackageProductDependency;
			package = 2FF991F12BE93B0900587C68 /* XCRemoteSwiftPackageReference "firebase-ios-sdk" */;
			productName = FirebaseFirestoreSwift;
		};
		2FF991F22BE93B0900587C68 /* FirebaseAnalytics */ = {
			isa = XCSwiftPackageProductDependency;
			package = 2FF991F12BE93B0900587C68 /* XCRemoteSwiftPackageReference "firebase-ios-sdk" */;
			productName = FirebaseAnalytics;
		};
		2FF991F62BE9488E00587C68 /* FirebaseAuth */ = {
			isa = XCSwiftPackageProductDependency;
			package = 2FF991F12BE93B0900587C68 /* XCRemoteSwiftPackageReference "firebase-ios-sdk" */;
			productName = FirebaseAuth;
		};
		2FF991F82BE9488E00587C68 /* FirebaseFirestore */ = {
			isa = XCSwiftPackageProductDependency;
			package = 2FF991F12BE93B0900587C68 /* XCRemoteSwiftPackageReference "firebase-ios-sdk" */;
			productName = FirebaseFirestore;
		};
/* End XCSwiftPackageProductDependency section */
	};
	rootObject = 2F0DA9592BE12EC800979111 /* Project object */;
}
